
Microsoft Visual Studio Solution File, Format Version 12.00
# Visual Studio Version 17
VisualStudioVersion = 17.9.34902.65
MinimumVisualStudioVersion = 10.0.40219.1
Project("{FAE04EC0-301F-11D3-BF4B-00C04F79EFBC}") = "009  Delete Data Student", "009  Delete Data Student.csproj", "{7F958D7C-4143-4EC6-BA01-3AE92633D2D5}"
EndProject
Global
	GlobalSection(SolutionConfigurationPlatforms) = preSolution
		Debug|Any CPU = Debug|Any CPU
		Release|Any CPU = Release|Any CPU
	EndGlobalSection
	GlobalSection(ProjectConfigurationPlatforms) = postSolution
		{7F958D7C-4143-4EC6-BA01-3AE92633D2D5}.Debug|Any CPU.ActiveCfg = Debug|Any CPU
		{7F958D7C-4143-4EC6-BA01-3AE92633D2D5}.Debug|Any CPU.Build.0 = Debug|Any CPU
		{7F958D7C-4143-4EC6-BA01-3AE92633D2D5}.Release|Any CPU.ActiveCfg = Release|Any CPU
		{7F958D7C-4143-4EC6-BA01-3AE92633D2D5}.Release|Any CPU.Build.0 = Release|Any CPU
	EndGlobalSection
	GlobalSection(SolutionProperties) = preSolution
		HideSolutionNode = FALSE
	EndGlobalSection
	GlobalSection(ExtensibilityGlobals) = postSolution
		SolutionGuid = {E0F5FF21-6ED1-4631-B585-E7097A9B4FB0}
	EndGlobalSection
EndGlobal
