
Microsoft Visual Studio Solution File, Format Version 12.00
# Visual Studio Version 17
VisualStudioVersion = 17.9.34902.65
MinimumVisualStudioVersion = 10.0.40219.1
Project("{FAE04EC0-301F-11D3-BF4B-00C04F79EFBC}") = "06 Insert-Add Data Student", "06 Insert-Add Data Student.csproj", "{1B79946F-16C1-403B-9D96-78500BAEF67B}"
EndProject
Global
	GlobalSection(SolutionConfigurationPlatforms) = preSolution
		Debug|Any CPU = Debug|Any CPU
		Release|Any CPU = Release|Any CPU
	EndGlobalSection
	GlobalSection(ProjectConfigurationPlatforms) = postSolution
		{1B79946F-16C1-403B-9D96-78500BAEF67B}.Debug|Any CPU.ActiveCfg = Debug|Any CPU
		{1B79946F-16C1-403B-9D96-78500BAEF67B}.Debug|Any CPU.Build.0 = Debug|Any CPU
		{1B79946F-16C1-403B-9D96-78500BAEF67B}.Release|Any CPU.ActiveCfg = Release|Any CPU
		{1B79946F-16C1-403B-9D96-78500BAEF67B}.Release|Any CPU.Build.0 = Release|Any CPU
	EndGlobalSection
	GlobalSection(SolutionProperties) = preSolution
		HideSolutionNode = FALSE
	EndGlobalSection
	GlobalSection(ExtensibilityGlobals) = postSolution
		SolutionGuid = {8A2A9A68-829D-48EF-9873-4A7FFBF3EA9C}
	EndGlobalSection
EndGlobal
