
Microsoft Visual Studio Solution File, Format Version 12.00
# Visual Studio Version 17
VisualStudioVersion = 17.9.34902.65
MinimumVisualStudioVersion = 10.0.40219.1
Project("{FAE04EC0-301F-11D3-BF4B-00C04F79EFBC}") = "003 Parameterized Query With Like", "003 Parameterized Query With Like.csproj", "{848E3C09-E39A-4FDC-94A5-86FED0598FBB}"
EndProject
Global
	GlobalSection(SolutionConfigurationPlatforms) = preSolution
		Debug|Any CPU = Debug|Any CPU
		Release|Any CPU = Release|Any CPU
	EndGlobalSection
	GlobalSection(ProjectConfigurationPlatforms) = postSolution
		{848E3C09-E39A-4FDC-94A5-86FED0598FBB}.Debug|Any CPU.ActiveCfg = Debug|Any CPU
		{848E3C09-E39A-4FDC-94A5-86FED0598FBB}.Debug|Any CPU.Build.0 = Debug|Any CPU
		{848E3C09-E39A-4FDC-94A5-86FED0598FBB}.Release|Any CPU.ActiveCfg = Release|Any CPU
		{848E3C09-E39A-4FDC-94A5-86FED0598FBB}.Release|Any CPU.Build.0 = Release|Any CPU
	EndGlobalSection
	GlobalSection(SolutionProperties) = preSolution
		HideSolutionNode = FALSE
	EndGlobalSection
	GlobalSection(ExtensibilityGlobals) = postSolution
		SolutionGuid = {7F0F076F-E613-45CB-8A53-32EE9366D574}
	EndGlobalSection
EndGlobal
